
Microsoft Visual Studio Solution File, Format Version 12.00
# Visual Studio Version 17
VisualStudioVersion = 17.10.35013.160
MinimumVisualStudioVersion = 10.0.40219.1
Project("{9A19103F-16F7-4668-BE54-9A1E7A4F7556}") = "Misa.Web.Api", "Misa.Web.Api\Misa.Web.Api.csproj", "{BEC27350-1B42-4512-BEB5-8476E4E9E5F1}"
	ProjectSection(ProjectDependencies) = postProject
		{54388796-4E45-456D-B90D-372B88D759B2} = {54388796-4E45-456D-B90D-372B88D759B2}
		{E31C599B-FAD1-4258-8B44-05945EE9F8DB} = {E31C599B-FAD1-4258-8B44-05945EE9F8DB}
	EndProjectSection
EndProject
Project("{9A19103F-16F7-4668-BE54-9A1E7A4F7556}") = "MISA.Web02.Core", "MISA.Web.Core\MISA.Web02.Core.csproj", "{E31C599B-FAD1-4258-8B44-05945EE9F8DB}"
EndProject
Project("{9A19103F-16F7-4668-BE54-9A1E7A4F7556}") = "MISA.Web02.Infrastructure", "MISA.Web.Infrastructure\MISA.Web02.Infrastructure.csproj", "{54388796-4E45-456D-B90D-372B88D759B2}"
EndProject
Project("{9A19103F-16F7-4668-BE54-9A1E7A4F7556}") = "Misa.Web02.Api", "Misa.Web02.Api\Misa.Web02.Api.csproj", "{A908795C-2DB9-441E-B87B-53CC10F0B764}"
EndProject
Global
	GlobalSection(SolutionConfigurationPlatforms) = preSolution
		Debug|Any CPU = Debug|Any CPU
		Release|Any CPU = Release|Any CPU
	EndGlobalSection
	GlobalSection(ProjectConfigurationPlatforms) = postSolution
		{BEC27350-1B42-4512-BEB5-8476E4E9E5F1}.Debug|Any CPU.ActiveCfg = Debug|Any CPU
		{BEC27350-1B42-4512-BEB5-8476E4E9E5F1}.Debug|Any CPU.Build.0 = Debug|Any CPU
		{BEC27350-1B42-4512-BEB5-8476E4E9E5F1}.Release|Any CPU.ActiveCfg = Release|Any CPU
		{BEC27350-1B42-4512-BEB5-8476E4E9E5F1}.Release|Any CPU.Build.0 = Release|Any CPU
		{E31C599B-FAD1-4258-8B44-05945EE9F8DB}.Debug|Any CPU.ActiveCfg = Debug|Any CPU
		{E31C599B-FAD1-4258-8B44-05945EE9F8DB}.Debug|Any CPU.Build.0 = Debug|Any CPU
		{E31C599B-FAD1-4258-8B44-05945EE9F8DB}.Release|Any CPU.ActiveCfg = Release|Any CPU
		{E31C599B-FAD1-4258-8B44-05945EE9F8DB}.Release|Any CPU.Build.0 = Release|Any CPU
		{54388796-4E45-456D-B90D-372B88D759B2}.Debug|Any CPU.ActiveCfg = Debug|Any CPU
		{54388796-4E45-456D-B90D-372B88D759B2}.Debug|Any CPU.Build.0 = Debug|Any CPU
		{54388796-4E45-456D-B90D-372B88D759B2}.Release|Any CPU.ActiveCfg = Release|Any CPU
		{54388796-4E45-456D-B90D-372B88D759B2}.Release|Any CPU.Build.0 = Release|Any CPU
		{A908795C-2DB9-441E-B87B-53CC10F0B764}.Debug|Any CPU.ActiveCfg = Debug|Any CPU
		{A908795C-2DB9-441E-B87B-53CC10F0B764}.Debug|Any CPU.Build.0 = Debug|Any CPU
		{A908795C-2DB9-441E-B87B-53CC10F0B764}.Release|Any CPU.ActiveCfg = Release|Any CPU
		{A908795C-2DB9-441E-B87B-53CC10F0B764}.Release|Any CPU.Build.0 = Release|Any CPU
	EndGlobalSection
	GlobalSection(SolutionProperties) = preSolution
		HideSolutionNode = FALSE
	EndGlobalSection
	GlobalSection(ExtensibilityGlobals) = postSolution
		SolutionGuid = {34C8DB08-717A-40C0-A8FA-5AAD726E9261}
	EndGlobalSection
EndGlobal
